
Microsoft Visual Studio Solution File, Format Version 12.00
# Visual Studio Version 16
VisualStudioVersion = 25.0.1703.8
MinimumVisualStudioVersion = 10.0.40219.1
Project("{FAE04EC0-301F-11D3-BF4B-00C04F79EFBC}") = "ETickets", "ETickets.csproj", "{4EA7EEF7-DF30-4EA4-BA0D-04C5A2C59423}"
EndProject
Global
	GlobalSection(SolutionConfigurationPlatforms) = preSolution
		Debug|Any CPU = Debug|Any CPU
		Release|Any CPU = Release|Any CPU
	EndGlobalSection
	GlobalSection(ProjectConfigurationPlatforms) = postSolution
		{4EA7EEF7-DF30-4EA4-BA0D-04C5A2C59423}.Debug|Any CPU.ActiveCfg = Debug|Any CPU
		{4EA7EEF7-DF30-4EA4-BA0D-04C5A2C59423}.Debug|Any CPU.Build.0 = Debug|Any CPU
		{4EA7EEF7-DF30-4EA4-BA0D-04C5A2C59423}.Release|Any CPU.ActiveCfg = Release|Any CPU
		{4EA7EEF7-DF30-4EA4-BA0D-04C5A2C59423}.Release|Any CPU.Build.0 = Release|Any CPU
	EndGlobalSection
	GlobalSection(SolutionProperties) = preSolution
		HideSolutionNode = FALSE
	EndGlobalSection
	GlobalSection(ExtensibilityGlobals) = postSolution
		SolutionGuid = {F0800137-5017-438A-AADA-B96557FCA0C1}
	EndGlobalSection
EndGlobal
